
Microsoft Visual Studio Solution File, Format Version 12.00
# Visual Studio 15
VisualStudioVersion = 15.0.26430.15
MinimumVisualStudioVersion = 10.0.40219.1
Project("{9A19103F-16F7-4668-BE54-9A1E7A4F7556}") = "ProblemSolving", "ConsoleApp3\ProblemSolving.csproj", "{7E2851B8-0B56-4E56-ACF5-D2F6B955D033}"
EndProject
Project("{F2A71F9B-5D33-465A-A702-920D77279786}") = "FSharp", "FSharp\FSharp.fsproj", "{8BB5C921-2B24-4AD7-9767-431133C4FBA4}"
EndProject
Project("{9A19103F-16F7-4668-BE54-9A1E7A4F7556}") = "FunctionalProgramming", "C:\Users\Worawit\Documents\Visual Studio 2017\Projects\FunctionalProgramming\FunctionalProgramming\FunctionalProgramming.csproj", "{1316F872-7ABA-4FDD-9E02-88A1E72FE107}"
EndProject
Global
	GlobalSection(SolutionConfigurationPlatforms) = preSolution
		Debug|Any CPU = Debug|Any CPU
		Release|Any CPU = Release|Any CPU
	EndGlobalSection
	GlobalSection(ProjectConfigurationPlatforms) = postSolution
		{7E2851B8-0B56-4E56-ACF5-D2F6B955D033}.Debug|Any CPU.ActiveCfg = Debug|Any CPU
		{7E2851B8-0B56-4E56-ACF5-D2F6B955D033}.Debug|Any CPU.Build.0 = Debug|Any CPU
		{7E2851B8-0B56-4E56-ACF5-D2F6B955D033}.Release|Any CPU.ActiveCfg = Release|Any CPU
		{7E2851B8-0B56-4E56-ACF5-D2F6B955D033}.Release|Any CPU.Build.0 = Release|Any CPU
		{8BB5C921-2B24-4AD7-9767-431133C4FBA4}.Debug|Any CPU.ActiveCfg = Debug|Any CPU
		{8BB5C921-2B24-4AD7-9767-431133C4FBA4}.Debug|Any CPU.Build.0 = Debug|Any CPU
		{8BB5C921-2B24-4AD7-9767-431133C4FBA4}.Release|Any CPU.ActiveCfg = Release|Any CPU
		{8BB5C921-2B24-4AD7-9767-431133C4FBA4}.Release|Any CPU.Build.0 = Release|Any CPU
		{1316F872-7ABA-4FDD-9E02-88A1E72FE107}.Debug|Any CPU.ActiveCfg = Debug|Any CPU
		{1316F872-7ABA-4FDD-9E02-88A1E72FE107}.Debug|Any CPU.Build.0 = Debug|Any CPU
		{1316F872-7ABA-4FDD-9E02-88A1E72FE107}.Release|Any CPU.ActiveCfg = Release|Any CPU
		{1316F872-7ABA-4FDD-9E02-88A1E72FE107}.Release|Any CPU.Build.0 = Release|Any CPU
	EndGlobalSection
	GlobalSection(SolutionProperties) = preSolution
		HideSolutionNode = FALSE
	EndGlobalSection
EndGlobal
